
Microsoft Visual Studio Solution File, Format Version 12.00
# Visual Studio Version 17
VisualStudioVersion = 17.7.34003.232
MinimumVisualStudioVersion = 10.0.40219.1
Project("{9A19103F-16F7-4668-BE54-9A1E7A4F7556}") = "AvaloniaApplication1", "AvaloniaApplication1\AvaloniaApplication1.csproj", "{64F8D878-CFF0-4D2D-AD0D-F62F5873BBCF}"
EndProject
Project("{9A19103F-16F7-4668-BE54-9A1E7A4F7556}") = "AvaloniaApplication1.Desktop", "AvaloniaApplication1.Desktop\AvaloniaApplication1.Desktop.csproj", "{DFC92BC7-66F5-4751-8F60-F28C45AD1409}"
EndProject
Global
	GlobalSection(SolutionConfigurationPlatforms) = preSolution
		Debug|Any CPU = Debug|Any CPU
		Release|Any CPU = Release|Any CPU
	EndGlobalSection
	GlobalSection(ProjectConfigurationPlatforms) = postSolution
		{64F8D878-CFF0-4D2D-AD0D-F62F5873BBCF}.Debug|Any CPU.ActiveCfg = Debug|Any CPU
		{64F8D878-CFF0-4D2D-AD0D-F62F5873BBCF}.Debug|Any CPU.Build.0 = Debug|Any CPU
		{64F8D878-CFF0-4D2D-AD0D-F62F5873BBCF}.Release|Any CPU.ActiveCfg = Release|Any CPU
		{64F8D878-CFF0-4D2D-AD0D-F62F5873BBCF}.Release|Any CPU.Build.0 = Release|Any CPU
		{DFC92BC7-66F5-4751-8F60-F28C45AD1409}.Debug|Any CPU.ActiveCfg = Debug|Any CPU
		{DFC92BC7-66F5-4751-8F60-F28C45AD1409}.Debug|Any CPU.Build.0 = Debug|Any CPU
		{DFC92BC7-66F5-4751-8F60-F28C45AD1409}.Release|Any CPU.ActiveCfg = Release|Any CPU
		{DFC92BC7-66F5-4751-8F60-F28C45AD1409}.Release|Any CPU.Build.0 = Release|Any CPU
	EndGlobalSection
	GlobalSection(SolutionProperties) = preSolution
		HideSolutionNode = FALSE
	EndGlobalSection
	GlobalSection(ExtensibilityGlobals) = postSolution
		SolutionGuid = {C7CD96EC-2FBB-4482-B237-8C2D81574C04}
	EndGlobalSection
EndGlobal
